// !$*UTF8*$!
{
	archiveVersion = 1;
	classes = {
	};
	objectVersion = 46;
	objects = {

/* Begin PBXBuildFile section */
		841097421DC795ED008E37DD /* main.m in Sources */ = {isa = PBXBuildFile; fileRef = 841097411DC795ED008E37DD /* main.m */; };
		841097451DC795ED008E37DD /* AppDelegate.m in Sources */ = {isa = PBXBuildFile; fileRef = 841097441DC795ED008E37DD /* AppDelegate.m */; };
		8410974B1DC795ED008E37DD /* Main.storyboard in Resources */ = {isa = PBXBuildFile; fileRef = 841097491DC795ED008E37DD /* Main.storyboard */; };
		8410974E1DC795EE008E37DD /* ToDoManager.xcdatamodeld in Sources */ = {isa = PBXBuildFile; fileRef = 8410974C1DC795EE008E37DD /* ToDoManager.xcdatamodeld */; };
		841097501DC795EE008E37DD /* Assets.xcassets in Resources */ = {isa = PBXBuildFile; fileRef = 8410974F1DC795EE008E37DD /* Assets.xcassets */; };
		841097531DC795EE008E37DD /* LaunchScreen.storyboard in Resources */ = {isa = PBXBuildFile; fileRef = 841097511DC795EE008E37DD /* LaunchScreen.storyboard */; };
		8410975C1DC796EC008E37DD /* MyUINavigationController.m in Sources */ = {isa = PBXBuildFile; fileRef = 8410975B1DC796EC008E37DD /* MyUINavigationController.m */; };
		8410975F1DC79754008E37DD /* MyUITableViewController.m in Sources */ = {isa = PBXBuildFile; fileRef = 8410975E1DC79754008E37DD /* MyUITableViewController.m */; };
		84E4E8D31DC79ED8008EF854 /* ToDoEntity+CoreDataProperties.m in Sources */ = {isa = PBXBuildFile; fileRef = 84E4E8D01DC79ED8008EF854 /* ToDoEntity+CoreDataProperties.m */; };
		84E4E8D41DC79ED8008EF854 /* ToDoEntity.m in Sources */ = {isa = PBXBuildFile; fileRef = 84E4E8D21DC79ED8008EF854 /* ToDoEntity.m */; };
		84E4E8D71DC7A03C008EF854 /* MyUITableViewCell.m in Sources */ = {isa = PBXBuildFile; fileRef = 84E4E8D61DC7A03C008EF854 /* MyUITableViewCell.m */; };
		84F00A671E21DF3300C2ED61 /* MyUIViewController.m in Sources */ = {isa = PBXBuildFile; fileRef = 841097611DC797C9008E37DD /* MyUIViewController.m */; };
/* End PBXBuildFile section */

/* Begin PBXFileReference section */
		8410973D1DC795ED008E37DD /* ToDoManager.app */ = {isa = PBXFileReference; explicitFileType = wrapper.application; includeInIndex = 0; path = ToDoManager.app; sourceTree = BUILT_PRODUCTS_DIR; };
		841097411DC795ED008E37DD /* main.m */ = {isa = PBXFileReference; lastKnownFileType = sourcecode.c.objc; path = main.m; sourceTree = "<group>"; };
		841097431DC795ED008E37DD /* AppDelegate.h */ = {isa = PBXFileReference; lastKnownFileType = sourcecode.c.h; path = AppDelegate.h; sourceTree = "<group>"; };
		841097441DC795ED008E37DD /* AppDelegate.m */ = {isa = PBXFileReference; lastKnownFileType = sourcecode.c.objc; path = AppDelegate.m; sourceTree = "<group>"; };
		8410974A1DC795ED008E37DD /* Base */ = {isa = PBXFileReference; lastKnownFileType = file.storyboard; name = Base; path = Base.lproj/Main.storyboard; sourceTree = "<group>"; };
		8410974D1DC795EE008E37DD /* ToDoManager.xcdatamodel */ = {isa = PBXFileReference; lastKnownFileType = wrapper.xcdatamodel; path = ToDoManager.xcdatamodel; sourceTree = "<group>"; };
		8410974F1DC795EE008E37DD /* Assets.xcassets */ = {isa = PBXFileReference; lastKnownFileType = folder.assetcatalog; path = Assets.xcassets; sourceTree = "<group>"; };
		841097521DC795EE008E37DD /* Base */ = {isa = PBXFileReference; lastKnownFileType = file.storyboard; name = Base; path = Base.lproj/LaunchScreen.storyboard; sourceTree = "<group>"; };
		841097541DC795EE008E37DD /* Info.plist */ = {isa = PBXFileReference; lastKnownFileType = text.plist.xml; path = Info.plist; sourceTree = "<group>"; };
		8410975A1DC796EC008E37DD /* MyUINavigationController.h */ = {isa = PBXFileReference; fileEncoding = 4; lastKnownFileType = sourcecode.c.h; path = MyUINavigationController.h; sourceTree = "<group>"; };
		8410975B1DC796EC008E37DD /* MyUINavigationController.m */ = {isa = PBXFileReference; fileEncoding = 4; lastKnownFileType = sourcecode.c.objc; path = MyUINavigationController.m; sourceTree = "<group>"; };
		8410975D1DC79754008E37DD /* MyUITableViewController.h */ = {isa = PBXFileReference; fileEncoding = 4; lastKnownFileType = sourcecode.c.h; path = MyUITableViewController.h; sourceTree = "<group>"; };
		8410975E1DC79754008E37DD /* MyUITableViewController.m */ = {isa = PBXFileReference; fileEncoding = 4; lastKnownFileType = sourcecode.c.objc; path = MyUITableViewController.m; sourceTree = "<group>"; };
		841097601DC797C9008E37DD /* MyUIViewController.h */ = {isa = PBXFileReference; fileEncoding = 4; lastKnownFileType = sourcecode.c.h; name = MyUIViewController.h; path = ../MyUIViewController.h; sourceTree = "<group>"; };
		841097611DC797C9008E37DD /* MyUIViewController.m */ = {isa = PBXFileReference; fileEncoding = 4; lastKnownFileType = sourcecode.c.objc; name = MyUIViewController.m; path = ../MyUIViewController.m; sourceTree = "<group>"; };
		841097631DC798BA008E37DD /* SRHandlesMOC.h */ = {isa = PBXFileReference; fileEncoding = 4; lastKnownFileType = sourcecode.c.h; path = SRHandlesMOC.h; sourceTree = "<group>"; };
		841097641DC7991D008E37DD /* SRHandlesToDoEntity.h */ = {isa = PBXFileReference; fileEncoding = 4; lastKnownFileType = sourcecode.c.h; path = SRHandlesToDoEntity.h; sourceTree = "<group>"; };
		84E4E8CF1DC79ED8008EF854 /* ToDoEntity+CoreDataProperties.h */ = {isa = PBXFileReference; fileEncoding = 4; lastKnownFileType = sourcecode.c.h; path = "ToDoEntity+CoreDataProperties.h"; sourceTree = "<group>"; };
		84E4E8D01DC79ED8008EF854 /* ToDoEntity+CoreDataProperties.m */ = {isa = PBXFileReference; fileEncoding = 4; lastKnownFileType = sourcecode.c.objc; path = "ToDoEntity+CoreDataProperties.m"; sourceTree = "<group>"; };
		84E4E8D11DC79ED8008EF854 /* ToDoEntity.h */ = {isa = PBXFileReference; fileEncoding = 4; lastKnownFileType = sourcecode.c.h; path = ToDoEntity.h; sourceTree = "<group>"; };
		84E4E8D21DC79ED8008EF854 /* ToDoEntity.m */ = {isa = PBXFileReference; fileEncoding = 4; lastKnownFileType = sourcecode.c.objc; path = ToDoEntity.m; sourceTree = "<group>"; };
		84E4E8D51DC7A03C008EF854 /* MyUITableViewCell.h */ = {isa = PBXFileReference; fileEncoding = 4; lastKnownFileType = sourcecode.c.h; path = MyUITableViewCell.h; sourceTree = "<group>"; };
		84E4E8D61DC7A03C008EF854 /* MyUITableViewCell.m */ = {isa = PBXFileReference; fileEncoding = 4; lastKnownFileType = sourcecode.c.objc; path = MyUITableViewCell.m; sourceTree = "<group>"; };
/* End PBXFileReference section */

/* Begin PBXFrameworksBuildPhase section */
		8410973A1DC795ED008E37DD /* Frameworks */ = {
			isa = PBXFrameworksBuildPhase;
			buildActionMask = 2147483647;
			files = (
			);
			runOnlyForDeploymentPostprocessing = 0;
		};
/* End PBXFrameworksBuildPhase section */

/* Begin PBXGroup section */
		841097341DC795ED008E37DD = {
			isa = PBXGroup;
			children = (
				84E4E8CF1DC79ED8008EF854 /* ToDoEntity+CoreDataProperties.h */,
				84E4E8D01DC79ED8008EF854 /* ToDoEntity+CoreDataProperties.m */,
				84E4E8D11DC79ED8008EF854 /* ToDoEntity.h */,
				84E4E8D21DC79ED8008EF854 /* ToDoEntity.m */,
				8410973F1DC795ED008E37DD /* ToDoManager */,
				8410973E1DC795ED008E37DD /* Products */,
			);
			sourceTree = "<group>";
		};
		8410973E1DC795ED008E37DD /* Products */ = {
			isa = PBXGroup;
			children = (
				8410973D1DC795ED008E37DD /* ToDoManager.app */,
			);
			name = Products;
			sourceTree = "<group>";
		};
		8410973F1DC795ED008E37DD /* ToDoManager */ = {
			isa = PBXGroup;
			children = (
				841097431DC795ED008E37DD /* AppDelegate.h */,
				841097441DC795ED008E37DD /* AppDelegate.m */,
				841097491DC795ED008E37DD /* Main.storyboard */,
				841097631DC798BA008E37DD /* SRHandlesMOC.h */,
				841097641DC7991D008E37DD /* SRHandlesToDoEntity.h */,
				8410975A1DC796EC008E37DD /* MyUINavigationController.h */,
				8410975B1DC796EC008E37DD /* MyUINavigationController.m */,
				84E4E8D51DC7A03C008EF854 /* MyUITableViewCell.h */,
				84E4E8D61DC7A03C008EF854 /* MyUITableViewCell.m */,
				8410975D1DC79754008E37DD /* MyUITableViewController.h */,
				8410975E1DC79754008E37DD /* MyUITableViewController.m */,
				841097601DC797C9008E37DD /* MyUIViewController.h */,
				841097611DC797C9008E37DD /* MyUIViewController.m */,
				8410974F1DC795EE008E37DD /* Assets.xcassets */,
				841097511DC795EE008E37DD /* LaunchScreen.storyboard */,
				841097541DC795EE008E37DD /* Info.plist */,
				8410974C1DC795EE008E37DD /* ToDoManager.xcdatamodeld */,
				841097401DC795ED008E37DD /* Supporting Files */,
			);
			path = ToDoManager;
			sourceTree = "<group>";
		};
		841097401DC795ED008E37DD /* Supporting Files */ = {
			isa = PBXGroup;
			children = (
				841097411DC795ED008E37DD /* main.m */,
			);
			name = "Supporting Files";
			sourceTree = "<group>";
		};
/* End PBXGroup section */

/* Begin PBXNativeTarget section */
		8410973C1DC795ED008E37DD /* ToDoManager */ = {
			isa = PBXNativeTarget;
			buildConfigurationList = 841097571DC795EE008E37DD /* Build configuration list for PBXNativeTarget "ToDoManager" */;
			buildPhases = (
				841097391DC795ED008E37DD /* Sources */,
				8410973A1DC795ED008E37DD /* Frameworks */,
				8410973B1DC795ED008E37DD /* Resources */,
			);
			buildRules = (
			);
			dependencies = (
			);
			name = ToDoManager;
			productName = ToDoManager;
			productReference = 8410973D1DC795ED008E37DD /* ToDoManager.app */;
			productType = "com.apple.product-type.application";
		};
/* End PBXNativeTarget section */

/* Begin PBXProject section */
		841097351DC795ED008E37DD /* Project object */ = {
			isa = PBXProject;
			attributes = {
				LastUpgradeCheck = 0730;
				ORGANIZATIONNAME = admin;
				TargetAttributes = {
					8410973C1DC795ED008E37DD = {
						CreatedOnToolsVersion = 7.3.1;
						DevelopmentTeam = 7D7YWS69ZD;
					};
				};
			};
			buildConfigurationList = 841097381DC795ED008E37DD /* Build configuration list for PBXProject "ToDoManager" */;
			compatibilityVersion = "Xcode 3.2";
			developmentRegion = English;
			hasScannedForEncodings = 0;
			knownRegions = (
				en,
				Base,
			);
			mainGroup = 841097341DC795ED008E37DD;
			productRefGroup = 8410973E1DC795ED008E37DD /* Products */;
			projectDirPath = "";
			projectRoot = "";
			targets = (
				8410973C1DC795ED008E37DD /* ToDoManager */,
			);
		};
/* End PBXProject section */

/* Begin PBXResourcesBuildPhase section */
		8410973B1DC795ED008E37DD /* Resources */ = {
			isa = PBXResourcesBuildPhase;
			buildActionMask = 2147483647;
			files = (
				841097531DC795EE008E37DD /* LaunchScreen.storyboard in Resources */,
				841097501DC795EE008E37DD /* Assets.xcassets in Resources */,
				8410974B1DC795ED008E37DD /* Main.storyboard in Resources */,
			);
			runOnlyForDeploymentPostprocessing = 0;
		};
/* End PBXResourcesBuildPhase section */

/* Begin PBXSourcesBuildPhase section */
		841097391DC795ED008E37DD /* Sources */ = {
			isa = PBXSourcesBuildPhase;
			buildActionMask = 2147483647;
			files = (
				8410974E1DC795EE008E37DD /* ToDoManager.xcdatamodeld in Sources */,
				841097451DC795ED008E37DD /* AppDelegate.m in Sources */,
				84E4E8D71DC7A03C008EF854 /* MyUITableViewCell.m in Sources */,
				84E4E8D41DC79ED8008EF854 /* ToDoEntity.m in Sources */,
				84E4E8D31DC79ED8008EF854 /* ToDoEntity+CoreDataProperties.m in Sources */,
				8410975F1DC79754008E37DD /* MyUITableViewController.m in Sources */,
				841097421DC795ED008E37DD /* main.m in Sources */,
				8410975C1DC796EC008E37DD /* MyUINavigationController.m in Sources */,
				84F00A671E21DF3300C2ED61 /* MyUIViewController.m in Sources */,
			);
			runOnlyForDeploymentPostprocessing = 0;
		};
/* End PBXSourcesBuildPhase section */

/* Begin PBXVariantGroup section */
		841097491DC795ED008E37DD /* Main.storyboard */ = {
			isa = PBXVariantGroup;
			children = (
				8410974A1DC795ED008E37DD /* Base */,
			);
			name = Main.storyboard;
			sourceTree = "<group>";
		};
		841097511DC795EE008E37DD /* LaunchScreen.storyboard */ = {
			isa = PBXVariantGroup;
			children = (
				841097521DC795EE008E37DD /* Base */,
			);
			name = LaunchScreen.storyboard;
			sourceTree = "<group>";
		};
/* End PBXVariantGroup section */

/* Begin XCBuildConfiguration section */
		841097551DC795EE008E37DD /* Debug */ = {
			isa = XCBuildConfiguration;
			buildSettings = {
				ALWAYS_SEARCH_USER_PATHS = NO;
				CLANG_ANALYZER_NONNULL = YES;
				CLANG_CXX_LANGUAGE_STANDARD = "gnu++0x";
				CLANG_CXX_LIBRARY = "libc++";
				CLANG_ENABLE_MODULES = YES;
				CLANG_ENABLE_OBJC_ARC = YES;
				CLANG_WARN_BOOL_CONVERSION = YES;
				CLANG_WARN_CONSTANT_CONVERSION = YES;
				CLANG_WARN_DIRECT_OBJC_ISA_USAGE = YES_ERROR;
				CLANG_WARN_EMPTY_BODY = YES;
				CLANG_WARN_ENUM_CONVERSION = YES;
				CLANG_WARN_INT_CONVERSION = YES;
				CLANG_WARN_OBJC_ROOT_CLASS = YES_ERROR;
				CLANG_WARN_UNREACHABLE_CODE = YES;
				CLANG_WARN__DUPLICATE_METHOD_MATCH = YES;
				"CODE_SIGN_IDENTITY[sdk=iphoneos*]" = "iPhone Developer";
				COPY_PHASE_STRIP = NO;
				DEBUG_INFORMATION_FORMAT = dwarf;
				ENABLE_STRICT_OBJC_MSGSEND = YES;
				ENABLE_TESTABILITY = YES;
				GCC_C_LANGUAGE_STANDARD = gnu99;
				GCC_DYNAMIC_NO_PIC = NO;
				GCC_NO_COMMON_BLOCKS = YES;
				GCC_OPTIMIZATION_LEVEL = 0;
				GCC_PREPROCESSOR_DEFINITIONS = (
					"DEBUG=1",
					"$(inherited)",
				);
				GCC_WARN_64_TO_32_BIT_CONVERSION = YES;
				GCC_WARN_ABOUT_RETURN_TYPE = YES_ERROR;
				GCC_WARN_UNDECLARED_SELECTOR = YES;
				GCC_WARN_UNINITIALIZED_AUTOS = YES_AGGRESSIVE;
				GCC_WARN_UNUSED_FUNCTION = YES;
				GCC_WARN_UNUSED_VARIABLE = YES;
				IPHONEOS_DEPLOYMENT_TARGET = 9.3;
				MTL_ENABLE_DEBUG_INFO = YES;
				ONLY_ACTIVE_ARCH = YES;
				SDKROOT = iphoneos;
				TARGETED_DEVICE_FAMILY = "1,2";
			};
			name = Debug;
		};
		841097561DC795EE008E37DD /* Release */ = {
			isa = XCBuildConfiguration;
			buildSettings = {
				ALWAYS_SEARCH_USER_PATHS = NO;
				CLANG_ANALYZER_NONNULL = YES;
				CLANG_CXX_LANGUAGE_STANDARD = "gnu++0x";
				CLANG_CXX_LIBRARY = "libc++";
				CLANG_ENABLE_MODULES = YES;
				CLANG_ENABLE_OBJC_ARC = YES;
				CLANG_WARN_BOOL_CONVERSION = YES;
				CLANG_WARN_CONSTANT_CONVERSION = YES;
				CLANG_WARN_DIRECT_OBJC_ISA_USAGE = YES_ERROR;
				CLANG_WARN_EMPTY_BODY = YES;
				CLANG_WARN_ENUM_CONVERSION = YES;
				CLANG_WARN_INT_CONVERSION = YES;
				CLANG_WARN_OBJC_ROOT_CLASS = YES_ERROR;
				CLANG_WARN_UNREACHABLE_CODE = YES;
				CLANG_WARN__DUPLICATE_METHOD_MATCH = YES;
				"CODE_SIGN_IDENTITY[sdk=iphoneos*]" = "iPhone Developer";
				COPY_PHASE_STRIP = NO;
				DEBUG_INFORMATION_FORMAT = "dwarf-with-dsym";
				ENABLE_NS_ASSERTIONS = NO;
				ENABLE_STRICT_OBJC_MSGSEND = YES;
				GCC_C_LANGUAGE_STANDARD = gnu99;
				GCC_NO_COMMON_BLOCKS = YES;
				GCC_WARN_64_TO_32_BIT_CONVERSION = YES;
				GCC_WARN_ABOUT_RETURN_TYPE = YES_ERROR;
				GCC_WARN_UNDECLARED_SELECTOR = YES;
				GCC_WARN_UNINITIALIZED_AUTOS = YES_AGGRESSIVE;
				GCC_WARN_UNUSED_FUNCTION = YES;
				GCC_WARN_UNUSED_VARIABLE = YES;
				IPHONEOS_DEPLOYMENT_TARGET = 9.3;
				MTL_ENABLE_DEBUG_INFO = NO;
				SDKROOT = iphoneos;
				TARGETED_DEVICE_FAMILY = "1,2";
				VALIDATE_PRODUCT = YES;
			};
			name = Release;
		};
		841097581DC795EE008E37DD /* Debug */ = {
			isa = XCBuildConfiguration;
			buildSettings = {
				ASSETCATALOG_COMPILER_APPICON_NAME = AppIcon;
				INFOPLIST_FILE = ToDoManager/Info.plist;
				LD_RUNPATH_SEARCH_PATHS = "$(inherited) @executable_path/Frameworks";
				PRODUCT_BUNDLE_IDENTIFIER = com.helloworld.CoreDataAssignment.ToDoManager;
				PRODUCT_NAME = "$(TARGET_NAME)";
			};
			name = Debug;
		};
		841097591DC795EE008E37DD /* Release */ = {
			isa = XCBuildConfiguration;
			buildSettings = {
				ASSETCATALOG_COMPILER_APPICON_NAME = AppIcon;
				INFOPLIST_FILE = ToDoManager/Info.plist;
				LD_RUNPATH_SEARCH_PATHS = "$(inherited) @executable_path/Frameworks";
				PRODUCT_BUNDLE_IDENTIFIER = com.helloworld.CoreDataAssignment.ToDoManager;
				PRODUCT_NAME = "$(TARGET_NAME)";
			};
			name = Release;
		};
/* End XCBuildConfiguration section */

/* Begin XCConfigurationList section */
		841097381DC795ED008E37DD /* Build configuration list for PBXProject "ToDoManager" */ = {
			isa = XCConfigurationList;
			buildConfigurations = (
				841097551DC795EE008E37DD /* Debug */,
				841097561DC795EE008E37DD /* Release */,
			);
			defaultConfigurationIsVisible = 0;
			defaultConfigurationName = Release;
		};
		841097571DC795EE008E37DD /* Build configuration list for PBXNativeTarget "ToDoManager" */ = {
			isa = XCConfigurationList;
			buildConfigurations = (
				841097581DC795EE008E37DD /* Debug */,
				841097591DC795EE008E37DD /* Release */,
			);
			defaultConfigurationIsVisible = 0;
			defaultConfigurationName = Release;
		};
/* End XCConfigurationList section */

/* Begin XCVersionGroup section */
		8410974C1DC795EE008E37DD /* ToDoManager.xcdatamodeld */ = {
			isa = XCVersionGroup;
			children = (
				8410974D1DC795EE008E37DD /* ToDoManager.xcdatamodel */,
			);
			currentVersion = 8410974D1DC795EE008E37DD /* ToDoManager.xcdatamodel */;
			path = ToDoManager.xcdatamodeld;
			sourceTree = "<group>";
			versionGroupType = wrapper.xcdatamodel;
		};
/* End XCVersionGroup section */
	};
	rootObject = 841097351DC795ED008E37DD /* Project object */;
}
